
Microsoft Visual Studio Solution File, Format Version 12.00
# Visual Studio Version 17
VisualStudioVersion = 17.1.32210.238
MinimumVisualStudioVersion = 10.0.40219.1
Project("{FAE04EC0-301F-11D3-BF4B-00C04F79EFBC}") = "Christiana Asignment", "Christiana Asignment.csproj", "{0D614BA6-EE1F-4894-B83E-6AC0F92A7161}"
EndProject
Global
	GlobalSection(SolutionConfigurationPlatforms) = preSolution
		Debug|Any CPU = Debug|Any CPU
		Release|Any CPU = Release|Any CPU
	EndGlobalSection
	GlobalSection(ProjectConfigurationPlatforms) = postSolution
		{0D614BA6-EE1F-4894-B83E-6AC0F92A7161}.Debug|Any CPU.ActiveCfg = Debug|Any CPU
		{0D614BA6-EE1F-4894-B83E-6AC0F92A7161}.Debug|Any CPU.Build.0 = Debug|Any CPU
		{0D614BA6-EE1F-4894-B83E-6AC0F92A7161}.Release|Any CPU.ActiveCfg = Release|Any CPU
		{0D614BA6-EE1F-4894-B83E-6AC0F92A7161}.Release|Any CPU.Build.0 = Release|Any CPU
	EndGlobalSection
	GlobalSection(SolutionProperties) = preSolution
		HideSolutionNode = FALSE
	EndGlobalSection
	GlobalSection(ExtensibilityGlobals) = postSolution
		SolutionGuid = {845D29CA-4312-44F2-886D-250F46A52F57}
	EndGlobalSection
EndGlobal
